
Microsoft Visual Studio Solution File, Format Version 12.00
# Visual Studio Version 17
VisualStudioVersion = 17.8.34511.84
MinimumVisualStudioVersion = 10.0.40219.1
Project("{FAE04EC0-301F-11D3-BF4B-00C04F79EFBC}") = "UdemySignalR.Web", "UdemySignalR.Web\UdemySignalR.Web.csproj", "{89B9B1DF-16F3-4AF4-9C54-6258D0F5373E}"
EndProject
Global
	GlobalSection(SolutionConfigurationPlatforms) = preSolution
		Debug|Any CPU = Debug|Any CPU
		Release|Any CPU = Release|Any CPU
	EndGlobalSection
	GlobalSection(ProjectConfigurationPlatforms) = postSolution
		{89B9B1DF-16F3-4AF4-9C54-6258D0F5373E}.Debug|Any CPU.ActiveCfg = Debug|Any CPU
		{89B9B1DF-16F3-4AF4-9C54-6258D0F5373E}.Debug|Any CPU.Build.0 = Debug|Any CPU
		{89B9B1DF-16F3-4AF4-9C54-6258D0F5373E}.Release|Any CPU.ActiveCfg = Release|Any CPU
		{89B9B1DF-16F3-4AF4-9C54-6258D0F5373E}.Release|Any CPU.Build.0 = Release|Any CPU
	EndGlobalSection
	GlobalSection(SolutionProperties) = preSolution
		HideSolutionNode = FALSE
	EndGlobalSection
	GlobalSection(ExtensibilityGlobals) = postSolution
		SolutionGuid = {7F13AADB-BA75-49BD-8079-8C20B9A9799C}
	EndGlobalSection
EndGlobal
